
Microsoft Visual Studio Solution File, Format Version 12.00
# Visual Studio Version 17
VisualStudioVersion = 17.9.34714.143
MinimumVisualStudioVersion = 10.0.40219.1
Project("{9A19103F-16F7-4668-BE54-9A1E7A4F7556}") = "EmployeeTimeClock.Web", "EmployeeTimeClock.Web\EmployeeTimeClock.Web.csproj", "{16C435DA-7B66-471B-9901-8F664331C480}"
EndProject
Global
	GlobalSection(SolutionConfigurationPlatforms) = preSolution
		Debug|Any CPU = Debug|Any CPU
		Release|Any CPU = Release|Any CPU
	EndGlobalSection
	GlobalSection(ProjectConfigurationPlatforms) = postSolution
		{16C435DA-7B66-471B-9901-8F664331C480}.Debug|Any CPU.ActiveCfg = Debug|Any CPU
		{16C435DA-7B66-471B-9901-8F664331C480}.Debug|Any CPU.Build.0 = Debug|Any CPU
		{16C435DA-7B66-471B-9901-8F664331C480}.Release|Any CPU.ActiveCfg = Release|Any CPU
		{16C435DA-7B66-471B-9901-8F664331C480}.Release|Any CPU.Build.0 = Release|Any CPU
	EndGlobalSection
	GlobalSection(SolutionProperties) = preSolution
		HideSolutionNode = FALSE
	EndGlobalSection
	GlobalSection(ExtensibilityGlobals) = postSolution
		SolutionGuid = {B22CECFA-FF2D-41BD-9FAD-64E49E46368A}
	EndGlobalSection
EndGlobal
